
Microsoft Visual Studio Solution File, Format Version 12.00
# Visual Studio Version 16
VisualStudioVersion = 16.0.30225.117
MinimumVisualStudioVersion = 10.0.40219.1
Project("{2150E333-8FDC-42A3-9474-1A3956D46DE8}") = "PatientPortal.UI", "PatientPortal.UI", "{D3B9E91C-246F-491E-A590-4B91DA229C2B}"
EndProject
Project("{2150E333-8FDC-42A3-9474-1A3956D46DE8}") = "Health.API", "Health.API", "{E7A15680-28D4-4A63-9846-5D0FAD35854B}"
EndProject
Project("{9A19103F-16F7-4668-BE54-9A1E7A4F7556}") = "Health.API", "Health.API\Health.API.csproj", "{744FF447-74DB-4240-93F7-6C81E4ABFD49}"
EndProject
Global
	GlobalSection(SolutionConfigurationPlatforms) = preSolution
		Debug|Any CPU = Debug|Any CPU
		Release|Any CPU = Release|Any CPU
	EndGlobalSection
	GlobalSection(ProjectConfigurationPlatforms) = postSolution
		{744FF447-74DB-4240-93F7-6C81E4ABFD49}.Debug|Any CPU.ActiveCfg = Debug|Any CPU
		{744FF447-74DB-4240-93F7-6C81E4ABFD49}.Debug|Any CPU.Build.0 = Debug|Any CPU
		{744FF447-74DB-4240-93F7-6C81E4ABFD49}.Release|Any CPU.ActiveCfg = Release|Any CPU
		{744FF447-74DB-4240-93F7-6C81E4ABFD49}.Release|Any CPU.Build.0 = Release|Any CPU
	EndGlobalSection
	GlobalSection(SolutionProperties) = preSolution
		HideSolutionNode = FALSE
	EndGlobalSection
	GlobalSection(NestedProjects) = preSolution
		{744FF447-74DB-4240-93F7-6C81E4ABFD49} = {E7A15680-28D4-4A63-9846-5D0FAD35854B}
	EndGlobalSection
	GlobalSection(ExtensibilityGlobals) = postSolution
		SolutionGuid = {AFFDC3C7-D4CB-4B68-A922-59C8834EE764}
	EndGlobalSection
EndGlobal
